
Microsoft Visual Studio Solution File, Format Version 12.00
# Visual Studio Version 16
VisualStudioVersion = 16.0.28917.181
MinimumVisualStudioVersion = 10.0.40219.1
Project("{9A19103F-16F7-4668-BE54-9A1E7A4F7556}") = "OdaBank", "OdaBank.csproj", "{6C509BAA-B8C4-4E15-9078-3C4FA1275261}"
EndProject
Project("{FAE04EC0-301F-11D3-BF4B-00C04F79EFBC}") = "TestOdaBank", "..\TestOdaBank\TestOdaBank.csproj", "{3A1F3819-1E38-46A7-9B01-586E0DD0A1E0}"
EndProject
Global
	GlobalSection(SolutionConfigurationPlatforms) = preSolution
		Debug|Any CPU = Debug|Any CPU
		Release|Any CPU = Release|Any CPU
	EndGlobalSection
	GlobalSection(ProjectConfigurationPlatforms) = postSolution
		{6C509BAA-B8C4-4E15-9078-3C4FA1275261}.Debug|Any CPU.ActiveCfg = Debug|Any CPU
		{6C509BAA-B8C4-4E15-9078-3C4FA1275261}.Debug|Any CPU.Build.0 = Debug|Any CPU
		{6C509BAA-B8C4-4E15-9078-3C4FA1275261}.Release|Any CPU.ActiveCfg = Release|Any CPU
		{6C509BAA-B8C4-4E15-9078-3C4FA1275261}.Release|Any CPU.Build.0 = Release|Any CPU
		{3A1F3819-1E38-46A7-9B01-586E0DD0A1E0}.Debug|Any CPU.ActiveCfg = Debug|Any CPU
		{3A1F3819-1E38-46A7-9B01-586E0DD0A1E0}.Debug|Any CPU.Build.0 = Debug|Any CPU
		{3A1F3819-1E38-46A7-9B01-586E0DD0A1E0}.Release|Any CPU.ActiveCfg = Release|Any CPU
		{3A1F3819-1E38-46A7-9B01-586E0DD0A1E0}.Release|Any CPU.Build.0 = Release|Any CPU
	EndGlobalSection
	GlobalSection(SolutionProperties) = preSolution
		HideSolutionNode = FALSE
	EndGlobalSection
	GlobalSection(ExtensibilityGlobals) = postSolution
		SolutionGuid = {2E8E38CE-BDA6-4AF3-BA43-220AE8C398AB}
	EndGlobalSection
EndGlobal
